
Microsoft Visual Studio Solution File, Format Version 12.00
# Visual Studio Version 17
VisualStudioVersion = 17.0.32112.339
MinimumVisualStudioVersion = 10.0.40219.1
Project("{FAE04EC0-301F-11D3-BF4B-00C04F79EFBC}") = "ScheduleWebAPI", "ScheduleWebAPI.csproj", "{032E3E01-833B-460D-9FF3-9756C484E531}"
EndProject
Global
	GlobalSection(SolutionConfigurationPlatforms) = preSolution
		Debug|Any CPU = Debug|Any CPU
		Release|Any CPU = Release|Any CPU
	EndGlobalSection
	GlobalSection(ProjectConfigurationPlatforms) = postSolution
		{032E3E01-833B-460D-9FF3-9756C484E531}.Debug|Any CPU.ActiveCfg = Debug|Any CPU
		{032E3E01-833B-460D-9FF3-9756C484E531}.Debug|Any CPU.Build.0 = Debug|Any CPU
		{032E3E01-833B-460D-9FF3-9756C484E531}.Release|Any CPU.ActiveCfg = Release|Any CPU
		{032E3E01-833B-460D-9FF3-9756C484E531}.Release|Any CPU.Build.0 = Release|Any CPU
	EndGlobalSection
	GlobalSection(SolutionProperties) = preSolution
		HideSolutionNode = FALSE
	EndGlobalSection
	GlobalSection(ExtensibilityGlobals) = postSolution
		SolutionGuid = {DFAEF003-B3E4-41FB-8DC7-B238FBB3530D}
	EndGlobalSection
EndGlobal
